
Microsoft Visual Studio Solution File, Format Version 12.00
# Visual Studio Version 17
VisualStudioVersion = 17.3.32811.315
MinimumVisualStudioVersion = 10.0.40219.1
Project("{9A19103F-16F7-4668-BE54-9A1E7A4F7556}") = "MagmaDataMiner", "MagmaDataMiner.csproj", "{245E137A-FB8B-4E65-BEDE-7A384299CB1B}"
EndProject
Project("{2150E333-8FDC-42A3-9474-1A3956D46DE8}") = "Solution Items", "Solution Items", "{6932A76F-F1BC-41C1-B242-DA18B63A2107}"
	ProjectSection(SolutionItems) = preProject
		README.md = README.md
	EndProjectSection
EndProject
Project("{9A19103F-16F7-4668-BE54-9A1E7A4F7556}") = "BubbleAssets", "..\BlueprintExplorer\BubbleAssets\BubbleAssets.csproj", "{8B272FF0-8AD8-425A-871A-493B5DCFAEBE}"
EndProject
Project("{9A19103F-16F7-4668-BE54-9A1E7A4F7556}") = "MarsExplorer", "..\MarsExplorer\MarsExplorer.csproj", "{C3401D5B-CA8F-419E-911E-A75516B08BCF}"
EndProject
Global
	GlobalSection(SolutionConfigurationPlatforms) = preSolution
		Debug|Any CPU = Debug|Any CPU
		Release|Any CPU = Release|Any CPU
	EndGlobalSection
	GlobalSection(ProjectConfigurationPlatforms) = postSolution
		{245E137A-FB8B-4E65-BEDE-7A384299CB1B}.Debug|Any CPU.ActiveCfg = Debug|Any CPU
		{245E137A-FB8B-4E65-BEDE-7A384299CB1B}.Debug|Any CPU.Build.0 = Debug|Any CPU
		{245E137A-FB8B-4E65-BEDE-7A384299CB1B}.Release|Any CPU.ActiveCfg = Release|Any CPU
		{245E137A-FB8B-4E65-BEDE-7A384299CB1B}.Release|Any CPU.Build.0 = Release|Any CPU
		{8B272FF0-8AD8-425A-871A-493B5DCFAEBE}.Debug|Any CPU.ActiveCfg = Debug|Any CPU
		{8B272FF0-8AD8-425A-871A-493B5DCFAEBE}.Debug|Any CPU.Build.0 = Debug|Any CPU
		{8B272FF0-8AD8-425A-871A-493B5DCFAEBE}.Release|Any CPU.ActiveCfg = Release|Any CPU
		{8B272FF0-8AD8-425A-871A-493B5DCFAEBE}.Release|Any CPU.Build.0 = Release|Any CPU
		{C3401D5B-CA8F-419E-911E-A75516B08BCF}.Debug|Any CPU.ActiveCfg = Debug|Any CPU
		{C3401D5B-CA8F-419E-911E-A75516B08BCF}.Debug|Any CPU.Build.0 = Debug|Any CPU
		{C3401D5B-CA8F-419E-911E-A75516B08BCF}.Release|Any CPU.ActiveCfg = Release|Any CPU
		{C3401D5B-CA8F-419E-911E-A75516B08BCF}.Release|Any CPU.Build.0 = Release|Any CPU
	EndGlobalSection
	GlobalSection(SolutionProperties) = preSolution
		HideSolutionNode = FALSE
	EndGlobalSection
	GlobalSection(ExtensibilityGlobals) = postSolution
		SolutionGuid = {9C75D8DD-E350-4AEF-B9DD-947966A35437}
	EndGlobalSection
EndGlobal
